
Microsoft Visual Studio Solution File, Format Version 12.00
# Visual Studio Version 17
VisualStudioVersion = 17.7.34221.43
MinimumVisualStudioVersion = 10.0.40219.1
Project("{FAE04EC0-301F-11D3-BF4B-00C04F79EFBC}") = "sp-deployment-tool", "sp-deployment-tool\sp-deployment-tool.csproj", "{D771287D-B4E8-4B98-9454-1053E08D3ADC}"
EndProject
Global
	GlobalSection(SolutionConfigurationPlatforms) = preSolution
		Debug|Any CPU = Debug|Any CPU
		Release|Any CPU = Release|Any CPU
	EndGlobalSection
	GlobalSection(ProjectConfigurationPlatforms) = postSolution
		{D771287D-B4E8-4B98-9454-1053E08D3ADC}.Debug|Any CPU.ActiveCfg = Debug|Any CPU
		{D771287D-B4E8-4B98-9454-1053E08D3ADC}.Debug|Any CPU.Build.0 = Debug|Any CPU
		{D771287D-B4E8-4B98-9454-1053E08D3ADC}.Release|Any CPU.ActiveCfg = Release|Any CPU
		{D771287D-B4E8-4B98-9454-1053E08D3ADC}.Release|Any CPU.Build.0 = Release|Any CPU
	EndGlobalSection
	GlobalSection(SolutionProperties) = preSolution
		HideSolutionNode = FALSE
	EndGlobalSection
	GlobalSection(ExtensibilityGlobals) = postSolution
		SolutionGuid = {46A558F8-BE35-40D4-BB96-707B23FD5315}
	EndGlobalSection
EndGlobal
